<?xml version="1.0" encoding="utf-8"?>
<Project ToolsVersion="4.0" xmlns="http://schemas.microsoft.com/developer/msbuild/2003">
  <ItemGroup>
    <Filter Include="源文件">
      <UniqueIdentifier>{4FC737F1-C7A5-4376-A066-2A32D752A2FF}</UniqueIdentifier>
      <Extensions>cpp;c;cc;cxx;def;odl;idl;hpj;bat;asm;asmx</Extensions>
    </Filter>
    <Filter Include="头文件">
      <UniqueIdentifier>{93995380-89BD-4b04-88EB-625FBE52EBFB}</UniqueIdentifier>
      <Extensions>h;hpp;hxx;hm;inl;inc;xsd</Extensions>
    </Filter>
    <Filter Include="资源文件">
      <UniqueIdentifier>{67DA6AB6-F800-4c08-8B7A-83BB121AAD01}</UniqueIdentifier>
      <Extensions>rc;ico;cur;bmp;dlg;rc2;rct;bin;rgs;gif;jpg;jpeg;jpe;resx;tiff;tif;png;wav;mfcribbon-ms</Extensions>
    </Filter>
    <Filter Include="头文件\goal">
      <UniqueIdentifier>{51c2ec28-03c5-4f63-a873-f68e516d3e31}</UniqueIdentifier>
    </Filter>
    <Filter Include="源文件\goal">
      <UniqueIdentifier>{5414817d-7f71-40cd-9dda-8388a50bb84a}</UniqueIdentifier>
    </Filter>
    <Filter Include="头文件\event">
      <UniqueIdentifier>{4b65d639-c724-4a5b-b78a-4f26976c6e78}</UniqueIdentifier>
    </Filter>
    <Filter Include="源文件\event">
      <UniqueIdentifier>{a341166a-e6a2-40c5-9723-f2346216687e}</UniqueIdentifier>
    </Filter>
  </ItemGroup>
  <ItemGroup>
    <Text Include="ReadMe.txt" />
  </ItemGroup>
  <ItemGroup>
    <ClInclude Include="stdafx.h">
      <Filter>头文件</Filter>
    </ClInclude>
    <ClInclude Include="targetver.h">
      <Filter>头文件</Filter>
    </ClInclude>
    <ClInclude Include="DMPlayer.h">
      <Filter>头文件</Filter>
    </ClInclude>
    <ClInclude Include="DMEngine.h">
      <Filter>头文件</Filter>
    </ClInclude>
    <ClInclude Include="DMEnginBase.h">
      <Filter>头文件</Filter>
    </ClInclude>
    <ClInclude Include="DMStuff.h">
      <Filter>头文件</Filter>
    </ClInclude>
    <ClInclude Include="DMMessage.h">
      <Filter>头文件</Filter>
    </ClInclude>
    <ClInclude Include="DMFsm.h">
      <Filter>头文件</Filter>
    </ClInclude>
    <ClInclude Include="DMFsState.h">
      <Filter>头文件</Filter>
    </ClInclude>
    <ClInclude Include="DMFsStateIdle.h">
      <Filter>头文件</Filter>
    </ClInclude>
    <ClInclude Include="DMGoal.h">
      <Filter>头文件\goal</Filter>
    </ClInclude>
    <ClInclude Include="DMGoalIdle.h">
      <Filter>头文件\goal</Filter>
    </ClInclude>
    <ClInclude Include="DMGlobal.h">
      <Filter>头文件</Filter>
    </ClInclude>
    <ClInclude Include="DMEventFight.h">
      <Filter>头文件\event</Filter>
    </ClInclude>
    <ClInclude Include="DMEventFrame.h">
      <Filter>头文件\event</Filter>
    </ClInclude>
    <ClInclude Include="DMEventIdle.h">
      <Filter>头文件\event</Filter>
    </ClInclude>
    <ClInclude Include="DMEventDiscriptor.h">
      <Filter>头文件\event</Filter>
    </ClInclude>
    <ClInclude Include="DMEvent.h">
      <Filter>头文件\event</Filter>
    </ClInclude>
    <ClInclude Include="DMGoalEat.h">
      <Filter>头文件\goal</Filter>
    </ClInclude>
    <ClInclude Include="singleton.h">
      <Filter>头文件</Filter>
    </ClInclude>
  </ItemGroup>
  <ItemGroup>
    <ClCompile Include="stdafx.cpp">
      <Filter>源文件</Filter>
    </ClCompile>
    <ClCompile Include="dm.cpp">
      <Filter>源文件</Filter>
    </ClCompile>
    <ClCompile Include="DMPlayer.cpp">
      <Filter>源文件</Filter>
    </ClCompile>
    <ClCompile Include="DMEngine.cpp">
      <Filter>源文件</Filter>
    </ClCompile>
    <ClCompile Include="DMEnginBase.cpp">
      <Filter>源文件</Filter>
    </ClCompile>
    <ClCompile Include="DMStuff.cpp">
      <Filter>源文件</Filter>
    </ClCompile>
    <ClCompile Include="DMMessage.cpp">
      <Filter>源文件</Filter>
    </ClCompile>
    <ClCompile Include="DMFsm.cpp">
      <Filter>源文件</Filter>
    </ClCompile>
    <ClCompile Include="DMFsState.cpp">
      <Filter>源文件</Filter>
    </ClCompile>
    <ClCompile Include="DMFsStateIdle.cpp">
      <Filter>源文件</Filter>
    </ClCompile>
    <ClCompile Include="DMGoalIdle.cpp">
      <Filter>源文件\goal</Filter>
    </ClCompile>
    <ClCompile Include="DMGoal.cpp">
      <Filter>源文件\goal</Filter>
    </ClCompile>
    <ClCompile Include="DMEvent.cpp">
      <Filter>源文件\event</Filter>
    </ClCompile>
    <ClCompile Include="DMEventDiscriptor.cpp">
      <Filter>源文件\event</Filter>
    </ClCompile>
    <ClCompile Include="DMEventFrame.cpp">
      <Filter>源文件\event</Filter>
    </ClCompile>
    <ClCompile Include="DMEventIdle.cpp">
      <Filter>源文件\event</Filter>
    </ClCompile>
    <ClCompile Include="DMGoalEat.cpp">
      <Filter>源文件\goal</Filter>
    </ClCompile>
  </ItemGroup>
  <ItemGroup>
    <None Include="ClassDiagram.cd" />
  </ItemGroup>
</Project>